
Microsoft Visual Studio Solution File, Format Version 12.00
# Visual Studio 14
VisualStudioVersion = 14.0.25420.1
MinimumVisualStudioVersion = 10.0.40219.1
Project("{FAE04EC0-301F-11D3-BF4B-00C04F79EFBC}") = "mvc5", "mvc5\mvc5.csproj", "{542FD121-07F5-4A42-A1F4-B15E77C5CD86}"
EndProject
Project("{FAE04EC0-301F-11D3-BF4B-00C04F79EFBC}") = "mvc5.Tests", "mvc5.Tests\mvc5.Tests.csproj", "{0501A5C1-ABC8-4DAD-BBA5-00AFA5FA2F20}"
EndProject
Global
	GlobalSection(SolutionConfigurationPlatforms) = preSolution
		Debug|Any CPU = Debug|Any CPU
		Release|Any CPU = Release|Any CPU
	EndGlobalSection
	GlobalSection(ProjectConfigurationPlatforms) = postSolution
		{542FD121-07F5-4A42-A1F4-B15E77C5CD86}.Debug|Any CPU.ActiveCfg = Debug|Any CPU
		{542FD121-07F5-4A42-A1F4-B15E77C5CD86}.Debug|Any CPU.Build.0 = Debug|Any CPU
		{542FD121-07F5-4A42-A1F4-B15E77C5CD86}.Release|Any CPU.ActiveCfg = Release|Any CPU
		{542FD121-07F5-4A42-A1F4-B15E77C5CD86}.Release|Any CPU.Build.0 = Release|Any CPU
		{0501A5C1-ABC8-4DAD-BBA5-00AFA5FA2F20}.Debug|Any CPU.ActiveCfg = Debug|Any CPU
		{0501A5C1-ABC8-4DAD-BBA5-00AFA5FA2F20}.Debug|Any CPU.Build.0 = Debug|Any CPU
		{0501A5C1-ABC8-4DAD-BBA5-00AFA5FA2F20}.Release|Any CPU.ActiveCfg = Release|Any CPU
		{0501A5C1-ABC8-4DAD-BBA5-00AFA5FA2F20}.Release|Any CPU.Build.0 = Release|Any CPU
	EndGlobalSection
	GlobalSection(SolutionProperties) = preSolution
		HideSolutionNode = FALSE
	EndGlobalSection
EndGlobal
